github.com/blitz-frost/conv v0.3.1 h1:AhDMpdNAsYQncaC2NohgTA0JfKJHJK4Q0SPyC4C9gGQ=
github.com/blitz-frost/conv v0.3.1/go.mod h1:YWqYF2Eu7/d0FN19gwAJN8Smi36D8dBrJTKQTasa2rQ=
github.com/blitz-frost/encoding v0.1.2 h1:3MmkiXa4R8PdqY30TcrP2LYXKOr8xiOsxTAD6++F3I8=
github.com/blitz-frost/encoding v0.1.2/go.mod h1:THzTreX385xrhKocpJ1gMumSv9IEoOAHyFwkh8hN7pE=
github.com/blitz-frost/io v0.2.6 h1:dyngmDMLBj0bQCZ5mTKrxURBlJH1+aFnd5Kz+uYNLxA=
github.com/blitz-frost/io v0.2.6/go.mod h1:h7gT4ncQ+eyYZMCnsrKfVlue5gXwZaMQ+DMXS+EaRVs=
github.com/blitz-frost/msg v0.1.1 h1:C9fGUhBeW7BcJMBhMirWNom09QX6cwpEf0LIW7/vibI=
github.com/blitz-frost/msg v0.1.1/go.mod h1:uQy8Tigo19XA/i/GeXC3+NtTFUzD08mdagIezoN44ec=
